// !$*UTF8*$!
{
	archiveVersion = 1;
	classes = {
	};
	objectVersion = 50;
	objects = {

/* Begin PBXBuildFile section */
		879A99CE267380C800900B44 /* AppDelegate.swift in Sources */ = {isa = PBXBuildFile; fileRef = 879A99CD267380C800900B44 /* AppDelegate.swift */; };
		879A99D0267380C800900B44 /* SceneDelegate.swift in Sources */ = {isa = PBXBuildFile; fileRef = 879A99CF267380C800900B44 /* SceneDelegate.swift */; };
		879A99D2267380C800900B44 /* ContentView.swift in Sources */ = {isa = PBXBuildFile; fileRef = 879A99D1267380C800900B44 /* ContentView.swift */; };
		879A99D4267380C900900B44 /* Assets.xcassets in Resources */ = {isa = PBXBuildFile; fileRef = 879A99D3267380C900900B44 /* Assets.xcassets */; };
		879A99D7267380C900900B44 /* Preview Assets.xcassets in Resources */ = {isa = PBXBuildFile; fileRef = 879A99D6267380C900900B44 /* Preview Assets.xcassets */; };
		879A99DA267380C900900B44 /* LaunchScreen.storyboard in Resources */ = {isa = PBXBuildFile; fileRef = 879A99D8267380C900900B44 /* LaunchScreen.storyboard */; };
		879A99E3267380D600900B44 /* Main.swift in Sources */ = {isa = PBXBuildFile; fileRef = 879A99E2267380D600900B44 /* Main.swift */; };
		879A99E6267380E200900B44 /* Cards.swift in Sources */ = {isa = PBXBuildFile; fileRef = 879A99E5267380E200900B44 /* Cards.swift */; };
/* End PBXBuildFile section */

/* Begin PBXFileReference section */
		879A99CA267380C800900B44 /* Animation Cards.app */ = {isa = PBXFileReference; explicitFileType = wrapper.application; includeInIndex = 0; path = "Animation Cards.app"; sourceTree = BUILT_PRODUCTS_DIR; };
		879A99CD267380C800900B44 /* AppDelegate.swift */ = {isa = PBXFileReference; lastKnownFileType = sourcecode.swift; path = AppDelegate.swift; sourceTree = "<group>"; };
		879A99CF267380C800900B44 /* SceneDelegate.swift */ = {isa = PBXFileReference; lastKnownFileType = sourcecode.swift; path = SceneDelegate.swift; sourceTree = "<group>"; };
		879A99D1267380C800900B44 /* ContentView.swift */ = {isa = PBXFileReference; lastKnownFileType = sourcecode.swift; path = ContentView.swift; sourceTree = "<group>"; };
		879A99D3267380C900900B44 /* Assets.xcassets */ = {isa = PBXFileReference; lastKnownFileType = folder.assetcatalog; path = Assets.xcassets; sourceTree = "<group>"; };
		879A99D6267380C900900B44 /* Preview Assets.xcassets */ = {isa = PBXFileReference; lastKnownFileType = folder.assetcatalog; path = "Preview Assets.xcassets"; sourceTree = "<group>"; };
		879A99D9267380C900900B44 /* Base */ = {isa = PBXFileReference; lastKnownFileType = file.storyboard; name = Base; path = Base.lproj/LaunchScreen.storyboard; sourceTree = "<group>"; };
		879A99DB267380C900900B44 /* Info.plist */ = {isa = PBXFileReference; lastKnownFileType = text.plist.xml; path = Info.plist; sourceTree = "<group>"; };
		879A99E2267380D600900B44 /* Main.swift */ = {isa = PBXFileReference; lastKnownFileType = sourcecode.swift; path = Main.swift; sourceTree = "<group>"; };
		879A99E5267380E200900B44 /* Cards.swift */ = {isa = PBXFileReference; lastKnownFileType = sourcecode.swift; path = Cards.swift; sourceTree = "<group>"; };
/* End PBXFileReference section */

/* Begin PBXFrameworksBuildPhase section */
		879A99C7267380C800900B44 /* Frameworks */ = {
			isa = PBXFrameworksBuildPhase;
			buildActionMask = 2147483647;
			files = (
			);
			runOnlyForDeploymentPostprocessing = 0;
		};
/* End PBXFrameworksBuildPhase section */

/* Begin PBXGroup section */
		879A99C1267380C800900B44 = {
			isa = PBXGroup;
			children = (
				879A99CC267380C800900B44 /* Animation Cards */,
				879A99CB267380C800900B44 /* Products */,
			);
			sourceTree = "<group>";
		};
		879A99CB267380C800900B44 /* Products */ = {
			isa = PBXGroup;
			children = (
				879A99CA267380C800900B44 /* Animation Cards.app */,
			);
			name = Products;
			sourceTree = "<group>";
		};
		879A99CC267380C800900B44 /* Animation Cards */ = {
			isa = PBXGroup;
			children = (
				879A99CD267380C800900B44 /* AppDelegate.swift */,
				879A99CF267380C800900B44 /* SceneDelegate.swift */,
				879A99D1267380C800900B44 /* ContentView.swift */,
				879A99E2267380D600900B44 /* Main.swift */,
				879A99E5267380E200900B44 /* Cards.swift */,
				879A99D3267380C900900B44 /* Assets.xcassets */,
				879A99D8267380C900900B44 /* LaunchScreen.storyboard */,
				879A99DB267380C900900B44 /* Info.plist */,
				879A99D5267380C900900B44 /* Preview Content */,
			);
			path = "Animation Cards";
			sourceTree = "<group>";
		};
		879A99D5267380C900900B44 /* Preview Content */ = {
			isa = PBXGroup;
			children = (
				879A99D6267380C900900B44 /* Preview Assets.xcassets */,
			);
			path = "Preview Content";
			sourceTree = "<group>";
		};
/* End PBXGroup section */

/* Begin PBXNativeTarget section */
		879A99C9267380C800900B44 /* Animation Cards */ = {
			isa = PBXNativeTarget;
			buildConfigurationList = 879A99DE267380C900900B44 /* Build configuration list for PBXNativeTarget "Animation Cards" */;
			buildPhases = (
				879A99C6267380C800900B44 /* Sources */,
				879A99C7267380C800900B44 /* Frameworks */,
				879A99C8267380C800900B44 /* Resources */,
			);
			buildRules = (
			);
			dependencies = (
			);
			name = "Animation Cards";
			productName = "Animation Cards";
			productReference = 879A99CA267380C800900B44 /* Animation Cards.app */;
			productType = "com.apple.product-type.application";
		};
/* End PBXNativeTarget section */

/* Begin PBXProject section */
		879A99C2267380C800900B44 /* Project object */ = {
			isa = PBXProject;
			attributes = {
				LastSwiftUpdateCheck = 1240;
				LastUpgradeCheck = 1240;
				TargetAttributes = {
					879A99C9267380C800900B44 = {
						CreatedOnToolsVersion = 12.4;
					};
				};
			};
			buildConfigurationList = 879A99C5267380C800900B44 /* Build configuration list for PBXProject "Animation Cards" */;
			compatibilityVersion = "Xcode 9.3";
			developmentRegion = en;
			hasScannedForEncodings = 0;
			knownRegions = (
				en,
				Base,
			);
			mainGroup = 879A99C1267380C800900B44;
			productRefGroup = 879A99CB267380C800900B44 /* Products */;
			projectDirPath = "";
			projectRoot = "";
			targets = (
				879A99C9267380C800900B44 /* Animation Cards */,
			);
		};
/* End PBXProject section */

/* Begin PBXResourcesBuildPhase section */
		879A99C8267380C800900B44 /* Resources */ = {
			isa = PBXResourcesBuildPhase;
			buildActionMask = 2147483647;
			files = (
				879A99DA267380C900900B44 /* LaunchScreen.storyboard in Resources */,
				879A99D7267380C900900B44 /* Preview Assets.xcassets in Resources */,
				879A99D4267380C900900B44 /* Assets.xcassets in Resources */,
			);
			runOnlyForDeploymentPostprocessing = 0;
		};
/* End PBXResourcesBuildPhase section */

/* Begin PBXSourcesBuildPhase section */
		879A99C6267380C800900B44 /* Sources */ = {
			isa = PBXSourcesBuildPhase;
			buildActionMask = 2147483647;
			files = (
				879A99E6267380E200900B44 /* Cards.swift in Sources */,
				879A99CE267380C800900B44 /* AppDelegate.swift in Sources */,
				879A99D0267380C800900B44 /* SceneDelegate.swift in Sources */,
				879A99E3267380D600900B44 /* Main.swift in Sources */,
				879A99D2267380C800900B44 /* ContentView.swift in Sources */,
			);
			runOnlyForDeploymentPostprocessing = 0;
		};
/* End PBXSourcesBuildPhase section */

/* Begin PBXVariantGroup section */
		879A99D8267380C900900B44 /* LaunchScreen.storyboard */ = {
			isa = PBXVariantGroup;
			children = (
				879A99D9267380C900900B44 /* Base */,
			);
			name = LaunchScreen.storyboard;
			sourceTree = "<group>";
		};
/* End PBXVariantGroup section */

/* Begin XCBuildConfiguration section */
		879A99DC267380C900900B44 /* Debug */ = {
			isa = XCBuildConfiguration;
			buildSettings = {
				ALWAYS_SEARCH_USER_PATHS = NO;
				CLANG_ANALYZER_NONNULL = YES;
				CLANG_ANALYZER_NUMBER_OBJECT_CONVERSION = YES_AGGRESSIVE;
				CLANG_CXX_LANGUAGE_STANDARD = "gnu++14";
				CLANG_CXX_LIBRARY = "libc++";
				CLANG_ENABLE_MODULES = YES;
				CLANG_ENABLE_OBJC_ARC = YES;
				CLANG_ENABLE_OBJC_WEAK = YES;
				CLANG_WARN_BLOCK_CAPTURE_AUTORELEASING = YES;
				CLANG_WARN_BOOL_CONVERSION = YES;
				CLANG_WARN_COMMA = YES;
				CLANG_WARN_CONSTANT_CONVERSION = YES;
				CLANG_WARN_DEPRECATED_OBJC_IMPLEMENTATIONS = YES;
				CLANG_WARN_DIRECT_OBJC_ISA_USAGE = YES_ERROR;
				CLANG_WARN_DOCUMENTATION_COMMENTS = YES;
				CLANG_WARN_EMPTY_BODY = YES;
				CLANG_WARN_ENUM_CONVERSION = YES;
				CLANG_WARN_INFINITE_RECURSION = YES;
				CLANG_WARN_INT_CONVERSION = YES;
				CLANG_WARN_NON_LITERAL_NULL_CONVERSION = YES;
				CLANG_WARN_OBJC_IMPLICIT_RETAIN_SELF = YES;
				CLANG_WARN_OBJC_LITERAL_CONVERSION = YES;
				CLANG_WARN_OBJC_ROOT_CLASS = YES_ERROR;
				CLANG_WARN_QUOTED_INCLUDE_IN_FRAMEWORK_HEADER = YES;
				CLANG_WARN_RANGE_LOOP_ANALYSIS = YES;
				CLANG_WARN_STRICT_PROTOTYPES = YES;
				CLANG_WARN_SUSPICIOUS_MOVE = YES;
				CLANG_WARN_UNGUARDED_AVAILABILITY = YES_AGGRESSIVE;
				CLANG_WARN_UNREACHABLE_CODE = YES;
				CLANG_WARN__DUPLICATE_METHOD_MATCH = YES;
				COPY_PHASE_STRIP = NO;
				DEBUG_INFORMATION_FORMAT = dwarf;
				ENABLE_STRICT_OBJC_MSGSEND = YES;
				ENABLE_TESTABILITY = YES;
				GCC_C_LANGUAGE_STANDARD = gnu11;
				GCC_DYNAMIC_NO_PIC = NO;
				GCC_NO_COMMON_BLOCKS = YES;
				GCC_OPTIMIZATION_LEVEL = 0;
				GCC_PREPROCESSOR_DEFINITIONS = (
					"DEBUG=1",
					"$(inherited)",
				);
				GCC_WARN_64_TO_32_BIT_CONVERSION = YES;
				GCC_WARN_ABOUT_RETURN_TYPE = YES_ERROR;
				GCC_WARN_UNDECLARED_SELECTOR = YES;
				GCC_WARN_UNINITIALIZED_AUTOS = YES_AGGRESSIVE;
				GCC_WARN_UNUSED_FUNCTION = YES;
				GCC_WARN_UNUSED_VARIABLE = YES;
				IPHONEOS_DEPLOYMENT_TARGET = 14.4;
				MTL_ENABLE_DEBUG_INFO = INCLUDE_SOURCE;
				MTL_FAST_MATH = YES;
				ONLY_ACTIVE_ARCH = YES;
				SDKROOT = iphoneos;
				SWIFT_ACTIVE_COMPILATION_CONDITIONS = DEBUG;
				SWIFT_OPTIMIZATION_LEVEL = "-Onone";
			};
			name = Debug;
		};
		879A99DD267380C900900B44 /* Release */ = {
			isa = XCBuildConfiguration;
			buildSettings = {
				ALWAYS_SEARCH_USER_PATHS = NO;
				CLANG_ANALYZER_NONNULL = YES;
				CLANG_ANALYZER_NUMBER_OBJECT_CONVERSION = YES_AGGRESSIVE;
				CLANG_CXX_LANGUAGE_STANDARD = "gnu++14";
				CLANG_CXX_LIBRARY = "libc++";
				CLANG_ENABLE_MODULES = YES;
				CLANG_ENABLE_OBJC_ARC = YES;
				CLANG_ENABLE_OBJC_WEAK = YES;
				CLANG_WARN_BLOCK_CAPTURE_AUTORELEASING = YES;
				CLANG_WARN_BOOL_CONVERSION = YES;
				CLANG_WARN_COMMA = YES;
				CLANG_WARN_CONSTANT_CONVERSION = YES;
				CLANG_WARN_DEPRECATED_OBJC_IMPLEMENTATIONS = YES;
				CLANG_WARN_DIRECT_OBJC_ISA_USAGE = YES_ERROR;
				CLANG_WARN_DOCUMENTATION_COMMENTS = YES;
				CLANG_WARN_EMPTY_BODY = YES;
				CLANG_WARN_ENUM_CONVERSION = YES;
				CLANG_WARN_INFINITE_RECURSION = YES;
				CLANG_WARN_INT_CONVERSION = YES;
				CLANG_WARN_NON_LITERAL_NULL_CONVERSION = YES;
				CLANG_WARN_OBJC_IMPLICIT_RETAIN_SELF = YES;
				CLANG_WARN_OBJC_LITERAL_CONVERSION = YES;
				CLANG_WARN_OBJC_ROOT_CLASS = YES_ERROR;
				CLANG_WARN_QUOTED_INCLUDE_IN_FRAMEWORK_HEADER = YES;
				CLANG_WARN_RANGE_LOOP_ANALYSIS = YES;
				CLANG_WARN_STRICT_PROTOTYPES = YES;
				CLANG_WARN_SUSPICIOUS_MOVE = YES;
				CLANG_WARN_UNGUARDED_AVAILABILITY = YES_AGGRESSIVE;
				CLANG_WARN_UNREACHABLE_CODE = YES;
				CLANG_WARN__DUPLICATE_METHOD_MATCH = YES;
				COPY_PHASE_STRIP = NO;
				DEBUG_INFORMATION_FORMAT = "dwarf-with-dsym";
				ENABLE_NS_ASSERTIONS = NO;
				ENABLE_STRICT_OBJC_MSGSEND = YES;
				GCC_C_LANGUAGE_STANDARD = gnu11;
				GCC_NO_COMMON_BLOCKS = YES;
				GCC_WARN_64_TO_32_BIT_CONVERSION = YES;
				GCC_WARN_ABOUT_RETURN_TYPE = YES_ERROR;
				GCC_WARN_UNDECLARED_SELECTOR = YES;
				GCC_WARN_UNINITIALIZED_AUTOS = YES_AGGRESSIVE;
				GCC_WARN_UNUSED_FUNCTION = YES;
				GCC_WARN_UNUSED_VARIABLE = YES;
				IPHONEOS_DEPLOYMENT_TARGET = 14.4;
				MTL_ENABLE_DEBUG_INFO = NO;
				MTL_FAST_MATH = YES;
				SDKROOT = iphoneos;
				SWIFT_COMPILATION_MODE = wholemodule;
				SWIFT_OPTIMIZATION_LEVEL = "-O";
				VALIDATE_PRODUCT = YES;
			};
			name = Release;
		};
		879A99DF267380C900900B44 /* Debug */ = {
			isa = XCBuildConfiguration;
			buildSettings = {
				ASSETCATALOG_COMPILER_APPICON_NAME = AppIcon;
				ASSETCATALOG_COMPILER_GLOBAL_ACCENT_COLOR_NAME = AccentColor;
				CODE_SIGN_STYLE = Automatic;
				DEVELOPMENT_ASSET_PATHS = "\"Animation Cards/Preview Content\"";
				DEVELOPMENT_TEAM = 85W6242Y3L;
				ENABLE_PREVIEWS = YES;
				INFOPLIST_FILE = "Animation Cards/Info.plist";
				LD_RUNPATH_SEARCH_PATHS = (
					"$(inherited)",
					"@executable_path/Frameworks",
				);
				PRODUCT_BUNDLE_IDENTIFIER = "ru.swiftbook.vkNews2.Animation-Cards";
				PRODUCT_NAME = "$(TARGET_NAME)";
				SWIFT_VERSION = 5.0;
				TARGETED_DEVICE_FAMILY = "1,2";
			};
			name = Debug;
		};
		879A99E0267380C900900B44 /* Release */ = {
			isa = XCBuildConfiguration;
			buildSettings = {
				ASSETCATALOG_COMPILER_APPICON_NAME = AppIcon;
				ASSETCATALOG_COMPILER_GLOBAL_ACCENT_COLOR_NAME = AccentColor;
				CODE_SIGN_STYLE = Automatic;
				DEVELOPMENT_ASSET_PATHS = "\"Animation Cards/Preview Content\"";
				DEVELOPMENT_TEAM = 85W6242Y3L;
				ENABLE_PREVIEWS = YES;
				INFOPLIST_FILE = "Animation Cards/Info.plist";
				LD_RUNPATH_SEARCH_PATHS = (
					"$(inherited)",
					"@executable_path/Frameworks",
				);
				PRODUCT_BUNDLE_IDENTIFIER = "ru.swiftbook.vkNews2.Animation-Cards";
				PRODUCT_NAME = "$(TARGET_NAME)";
				SWIFT_VERSION = 5.0;
				TARGETED_DEVICE_FAMILY = "1,2";
			};
			name = Release;
		};
/* End XCBuildConfiguration section */

/* Begin XCConfigurationList section */
		879A99C5267380C800900B44 /* Build configuration list for PBXProject "Animation Cards" */ = {
			isa = XCConfigurationList;
			buildConfigurations = (
				879A99DC267380C900900B44 /* Debug */,
				879A99DD267380C900900B44 /* Release */,
			);
			defaultConfigurationIsVisible = 0;
			defaultConfigurationName = Release;
		};
		879A99DE267380C900900B44 /* Build configuration list for PBXNativeTarget "Animation Cards" */ = {
			isa = XCConfigurationList;
			buildConfigurations = (
				879A99DF267380C900900B44 /* Debug */,
				879A99E0267380C900900B44 /* Release */,
			);
			defaultConfigurationIsVisible = 0;
			defaultConfigurationName = Release;
		};
/* End XCConfigurationList section */
	};
	rootObject = 879A99C2267380C800900B44 /* Project object */;
}
